
Microsoft Visual Studio Solution File, Format Version 12.00
# Visual Studio Version 17
VisualStudioVersion = 17.1.32228.430
MinimumVisualStudioVersion = 10.0.40219.1
Project("{FAE04EC0-301F-11D3-BF4B-00C04F79EFBC}") = "Laboratorio10", "Laboratorio10\Laboratorio10.csproj", "{CEA19F8F-E73F-4AA3-BAEC-935338B6EF0C}"
EndProject
Global
	GlobalSection(SolutionConfigurationPlatforms) = preSolution
		Debug|Any CPU = Debug|Any CPU
		Release|Any CPU = Release|Any CPU
	EndGlobalSection
	GlobalSection(ProjectConfigurationPlatforms) = postSolution
		{CEA19F8F-E73F-4AA3-BAEC-935338B6EF0C}.Debug|Any CPU.ActiveCfg = Debug|Any CPU
		{CEA19F8F-E73F-4AA3-BAEC-935338B6EF0C}.Debug|Any CPU.Build.0 = Debug|Any CPU
		{CEA19F8F-E73F-4AA3-BAEC-935338B6EF0C}.Release|Any CPU.ActiveCfg = Release|Any CPU
		{CEA19F8F-E73F-4AA3-BAEC-935338B6EF0C}.Release|Any CPU.Build.0 = Release|Any CPU
	EndGlobalSection
	GlobalSection(SolutionProperties) = preSolution
		HideSolutionNode = FALSE
	EndGlobalSection
	GlobalSection(ExtensibilityGlobals) = postSolution
		SolutionGuid = {66291F62-2CCB-44F4-AC09-98EE478B7087}
	EndGlobalSection
EndGlobal
